// !$*UTF8*$!
{
	archiveVersion = 1;
	classes = {
	};
	objectVersion = 55;
	objects = {

/* Begin PBXBuildFile section */
		B604136728B7FCF500C86D3C /* AppDelegate.swift in Sources */ = {isa = PBXBuildFile; fileRef = B604136628B7FCF500C86D3C /* AppDelegate.swift */; };
		B604136928B7FCF500C86D3C /* SceneDelegate.swift in Sources */ = {isa = PBXBuildFile; fileRef = B604136828B7FCF500C86D3C /* SceneDelegate.swift */; };
		B604136B28B7FCF500C86D3C /* ViewController.swift in Sources */ = {isa = PBXBuildFile; fileRef = B604136A28B7FCF500C86D3C /* ViewController.swift */; };
		B604136E28B7FCF500C86D3C /* Main.storyboard in Resources */ = {isa = PBXBuildFile; fileRef = B604136C28B7FCF500C86D3C /* Main.storyboard */; };
		B604137028B7FCF800C86D3C /* Assets.xcassets in Resources */ = {isa = PBXBuildFile; fileRef = B604136F28B7FCF800C86D3C /* Assets.xcassets */; };
		B604137328B7FCF800C86D3C /* LaunchScreen.storyboard in Resources */ = {isa = PBXBuildFile; fileRef = B604137128B7FCF800C86D3C /* LaunchScreen.storyboard */; };
		B604137E28B7FCF900C86D3C /* Prework2Tests.swift in Sources */ = {isa = PBXBuildFile; fileRef = B604137D28B7FCF900C86D3C /* Prework2Tests.swift */; };
		B604138828B7FCF900C86D3C /* Prework2UITests.swift in Sources */ = {isa = PBXBuildFile; fileRef = B604138728B7FCF900C86D3C /* Prework2UITests.swift */; };
		B604138A28B7FCF900C86D3C /* Prework2UITestsLaunchTests.swift in Sources */ = {isa = PBXBuildFile; fileRef = B604138928B7FCF900C86D3C /* Prework2UITestsLaunchTests.swift */; };
/* End PBXBuildFile section */

/* Begin PBXContainerItemProxy section */
		B604137A28B7FCF900C86D3C /* PBXContainerItemProxy */ = {
			isa = PBXContainerItemProxy;
			containerPortal = B604135B28B7FCF500C86D3C /* Project object */;
			proxyType = 1;
			remoteGlobalIDString = B604136228B7FCF500C86D3C;
			remoteInfo = Prework2;
		};
		B604138428B7FCF900C86D3C /* PBXContainerItemProxy */ = {
			isa = PBXContainerItemProxy;
			containerPortal = B604135B28B7FCF500C86D3C /* Project object */;
			proxyType = 1;
			remoteGlobalIDString = B604136228B7FCF500C86D3C;
			remoteInfo = Prework2;
		};
/* End PBXContainerItemProxy section */

/* Begin PBXFileReference section */
		B604136328B7FCF500C86D3C /* Prework2.app */ = {isa = PBXFileReference; explicitFileType = wrapper.application; includeInIndex = 0; path = Prework2.app; sourceTree = BUILT_PRODUCTS_DIR; };
		B604136628B7FCF500C86D3C /* AppDelegate.swift */ = {isa = PBXFileReference; lastKnownFileType = sourcecode.swift; path = AppDelegate.swift; sourceTree = "<group>"; };
		B604136828B7FCF500C86D3C /* SceneDelegate.swift */ = {isa = PBXFileReference; lastKnownFileType = sourcecode.swift; path = SceneDelegate.swift; sourceTree = "<group>"; };
		B604136A28B7FCF500C86D3C /* ViewController.swift */ = {isa = PBXFileReference; lastKnownFileType = sourcecode.swift; path = ViewController.swift; sourceTree = "<group>"; };
		B604136D28B7FCF500C86D3C /* Base */ = {isa = PBXFileReference; lastKnownFileType = file.storyboard; name = Base; path = Base.lproj/Main.storyboard; sourceTree = "<group>"; };
		B604136F28B7FCF800C86D3C /* Assets.xcassets */ = {isa = PBXFileReference; lastKnownFileType = folder.assetcatalog; path = Assets.xcassets; sourceTree = "<group>"; };
		B604137228B7FCF800C86D3C /* Base */ = {isa = PBXFileReference; lastKnownFileType = file.storyboard; name = Base; path = Base.lproj/LaunchScreen.storyboard; sourceTree = "<group>"; };
		B604137428B7FCF800C86D3C /* Info.plist */ = {isa = PBXFileReference; lastKnownFileType = text.plist.xml; path = Info.plist; sourceTree = "<group>"; };
		B604137928B7FCF900C86D3C /* Prework2Tests.xctest */ = {isa = PBXFileReference; explicitFileType = wrapper.cfbundle; includeInIndex = 0; path = Prework2Tests.xctest; sourceTree = BUILT_PRODUCTS_DIR; };
		B604137D28B7FCF900C86D3C /* Prework2Tests.swift */ = {isa = PBXFileReference; lastKnownFileType = sourcecode.swift; path = Prework2Tests.swift; sourceTree = "<group>"; };
		B604138328B7FCF900C86D3C /* Prework2UITests.xctest */ = {isa = PBXFileReference; explicitFileType = wrapper.cfbundle; includeInIndex = 0; path = Prework2UITests.xctest; sourceTree = BUILT_PRODUCTS_DIR; };
		B604138728B7FCF900C86D3C /* Prework2UITests.swift */ = {isa = PBXFileReference; lastKnownFileType = sourcecode.swift; path = Prework2UITests.swift; sourceTree = "<group>"; };
		B604138928B7FCF900C86D3C /* Prework2UITestsLaunchTests.swift */ = {isa = PBXFileReference; lastKnownFileType = sourcecode.swift; path = Prework2UITestsLaunchTests.swift; sourceTree = "<group>"; };
/* End PBXFileReference section */

/* Begin PBXFrameworksBuildPhase section */
		B604136028B7FCF500C86D3C /* Frameworks */ = {
			isa = PBXFrameworksBuildPhase;
			buildActionMask = 2147483647;
			files = (
			);
			runOnlyForDeploymentPostprocessing = 0;
		};
		B604137628B7FCF900C86D3C /* Frameworks */ = {
			isa = PBXFrameworksBuildPhase;
			buildActionMask = 2147483647;
			files = (
			);
			runOnlyForDeploymentPostprocessing = 0;
		};
		B604138028B7FCF900C86D3C /* Frameworks */ = {
			isa = PBXFrameworksBuildPhase;
			buildActionMask = 2147483647;
			files = (
			);
			runOnlyForDeploymentPostprocessing = 0;
		};
/* End PBXFrameworksBuildPhase section */

/* Begin PBXGroup section */
		B604135A28B7FCF500C86D3C = {
			isa = PBXGroup;
			children = (
				B604136528B7FCF500C86D3C /* Prework2 */,
				B604137C28B7FCF900C86D3C /* Prework2Tests */,
				B604138628B7FCF900C86D3C /* Prework2UITests */,
				B604136428B7FCF500C86D3C /* Products */,
			);
			sourceTree = "<group>";
		};
		B604136428B7FCF500C86D3C /* Products */ = {
			isa = PBXGroup;
			children = (
				B604136328B7FCF500C86D3C /* Prework2.app */,
				B604137928B7FCF900C86D3C /* Prework2Tests.xctest */,
				B604138328B7FCF900C86D3C /* Prework2UITests.xctest */,
			);
			name = Products;
			sourceTree = "<group>";
		};
		B604136528B7FCF500C86D3C /* Prework2 */ = {
			isa = PBXGroup;
			children = (
				B604136628B7FCF500C86D3C /* AppDelegate.swift */,
				B604136828B7FCF500C86D3C /* SceneDelegate.swift */,
				B604136A28B7FCF500C86D3C /* ViewController.swift */,
				B604136C28B7FCF500C86D3C /* Main.storyboard */,
				B604136F28B7FCF800C86D3C /* Assets.xcassets */,
				B604137128B7FCF800C86D3C /* LaunchScreen.storyboard */,
				B604137428B7FCF800C86D3C /* Info.plist */,
			);
			path = Prework2;
			sourceTree = "<group>";
		};
		B604137C28B7FCF900C86D3C /* Prework2Tests */ = {
			isa = PBXGroup;
			children = (
				B604137D28B7FCF900C86D3C /* Prework2Tests.swift */,
			);
			path = Prework2Tests;
			sourceTree = "<group>";
		};
		B604138628B7FCF900C86D3C /* Prework2UITests */ = {
			isa = PBXGroup;
			children = (
				B604138728B7FCF900C86D3C /* Prework2UITests.swift */,
				B604138928B7FCF900C86D3C /* Prework2UITestsLaunchTests.swift */,
			);
			path = Prework2UITests;
			sourceTree = "<group>";
		};
/* End PBXGroup section */

/* Begin PBXNativeTarget section */
		B604136228B7FCF500C86D3C /* Prework2 */ = {
			isa = PBXNativeTarget;
			buildConfigurationList = B604138D28B7FCF900C86D3C /* Build configuration list for PBXNativeTarget "Prework2" */;
			buildPhases = (
				B604135F28B7FCF500C86D3C /* Sources */,
				B604136028B7FCF500C86D3C /* Frameworks */,
				B604136128B7FCF500C86D3C /* Resources */,
			);
			buildRules = (
			);
			dependencies = (
			);
			name = Prework2;
			productName = Prework2;
			productReference = B604136328B7FCF500C86D3C /* Prework2.app */;
			productType = "com.apple.product-type.application";
		};
		B604137828B7FCF900C86D3C /* Prework2Tests */ = {
			isa = PBXNativeTarget;
			buildConfigurationList = B604139028B7FCF900C86D3C /* Build configuration list for PBXNativeTarget "Prework2Tests" */;
			buildPhases = (
				B604137528B7FCF900C86D3C /* Sources */,
				B604137628B7FCF900C86D3C /* Frameworks */,
				B604137728B7FCF900C86D3C /* Resources */,
			);
			buildRules = (
			);
			dependencies = (
				B604137B28B7FCF900C86D3C /* PBXTargetDependency */,
			);
			name = Prework2Tests;
			productName = Prework2Tests;
			productReference = B604137928B7FCF900C86D3C /* Prework2Tests.xctest */;
			productType = "com.apple.product-type.bundle.unit-test";
		};
		B604138228B7FCF900C86D3C /* Prework2UITests */ = {
			isa = PBXNativeTarget;
			buildConfigurationList = B604139328B7FCF900C86D3C /* Build configuration list for PBXNativeTarget "Prework2UITests" */;
			buildPhases = (
				B604137F28B7FCF900C86D3C /* Sources */,
				B604138028B7FCF900C86D3C /* Frameworks */,
				B604138128B7FCF900C86D3C /* Resources */,
			);
			buildRules = (
			);
			dependencies = (
				B604138528B7FCF900C86D3C /* PBXTargetDependency */,
			);
			name = Prework2UITests;
			productName = Prework2UITests;
			productReference = B604138328B7FCF900C86D3C /* Prework2UITests.xctest */;
			productType = "com.apple.product-type.bundle.ui-testing";
		};
/* End PBXNativeTarget section */

/* Begin PBXProject section */
		B604135B28B7FCF500C86D3C /* Project object */ = {
			isa = PBXProject;
			attributes = {
				BuildIndependentTargetsInParallel = 1;
				LastSwiftUpdateCheck = 1340;
				LastUpgradeCheck = 1340;
				TargetAttributes = {
					B604136228B7FCF500C86D3C = {
						CreatedOnToolsVersion = 13.4.1;
					};
					B604137828B7FCF900C86D3C = {
						CreatedOnToolsVersion = 13.4.1;
						TestTargetID = B604136228B7FCF500C86D3C;
					};
					B604138228B7FCF900C86D3C = {
						CreatedOnToolsVersion = 13.4.1;
						TestTargetID = B604136228B7FCF500C86D3C;
					};
				};
			};
			buildConfigurationList = B604135E28B7FCF500C86D3C /* Build configuration list for PBXProject "Prework2" */;
			compatibilityVersion = "Xcode 13.0";
			developmentRegion = en;
			hasScannedForEncodings = 0;
			knownRegions = (
				en,
				Base,
			);
			mainGroup = B604135A28B7FCF500C86D3C;
			productRefGroup = B604136428B7FCF500C86D3C /* Products */;
			projectDirPath = "";
			projectRoot = "";
			targets = (
				B604136228B7FCF500C86D3C /* Prework2 */,
				B604137828B7FCF900C86D3C /* Prework2Tests */,
				B604138228B7FCF900C86D3C /* Prework2UITests */,
			);
		};
/* End PBXProject section */

/* Begin PBXResourcesBuildPhase section */
		B604136128B7FCF500C86D3C /* Resources */ = {
			isa = PBXResourcesBuildPhase;
			buildActionMask = 2147483647;
			files = (
				B604137328B7FCF800C86D3C /* LaunchScreen.storyboard in Resources */,
				B604137028B7FCF800C86D3C /* Assets.xcassets in Resources */,
				B604136E28B7FCF500C86D3C /* Main.storyboard in Resources */,
			);
			runOnlyForDeploymentPostprocessing = 0;
		};
		B604137728B7FCF900C86D3C /* Resources */ = {
			isa = PBXResourcesBuildPhase;
			buildActionMask = 2147483647;
			files = (
			);
			runOnlyForDeploymentPostprocessing = 0;
		};
		B604138128B7FCF900C86D3C /* Resources */ = {
			isa = PBXResourcesBuildPhase;
			buildActionMask = 2147483647;
			files = (
			);
			runOnlyForDeploymentPostprocessing = 0;
		};
/* End PBXResourcesBuildPhase section */

/* Begin PBXSourcesBuildPhase section */
		B604135F28B7FCF500C86D3C /* Sources */ = {
			isa = PBXSourcesBuildPhase;
			buildActionMask = 2147483647;
			files = (
				B604136B28B7FCF500C86D3C /* ViewController.swift in Sources */,
				B604136728B7FCF500C86D3C /* AppDelegate.swift in Sources */,
				B604136928B7FCF500C86D3C /* SceneDelegate.swift in Sources */,
			);
			runOnlyForDeploymentPostprocessing = 0;
		};
		B604137528B7FCF900C86D3C /* Sources */ = {
			isa = PBXSourcesBuildPhase;
			buildActionMask = 2147483647;
			files = (
				B604137E28B7FCF900C86D3C /* Prework2Tests.swift in Sources */,
			);
			runOnlyForDeploymentPostprocessing = 0;
		};
		B604137F28B7FCF900C86D3C /* Sources */ = {
			isa = PBXSourcesBuildPhase;
			buildActionMask = 2147483647;
			files = (
				B604138A28B7FCF900C86D3C /* Prework2UITestsLaunchTests.swift in Sources */,
				B604138828B7FCF900C86D3C /* Prework2UITests.swift in Sources */,
			);
			runOnlyForDeploymentPostprocessing = 0;
		};
/* End PBXSourcesBuildPhase section */

/* Begin PBXTargetDependency section */
		B604137B28B7FCF900C86D3C /* PBXTargetDependency */ = {
			isa = PBXTargetDependency;
			target = B604136228B7FCF500C86D3C /* Prework2 */;
			targetProxy = B604137A28B7FCF900C86D3C /* PBXContainerItemProxy */;
		};
		B604138528B7FCF900C86D3C /* PBXTargetDependency */ = {
			isa = PBXTargetDependency;
			target = B604136228B7FCF500C86D3C /* Prework2 */;
			targetProxy = B604138428B7FCF900C86D3C /* PBXContainerItemProxy */;
		};
/* End PBXTargetDependency section */

/* Begin PBXVariantGroup section */
		B604136C28B7FCF500C86D3C /* Main.storyboard */ = {
			isa = PBXVariantGroup;
			children = (
				B604136D28B7FCF500C86D3C /* Base */,
			);
			name = Main.storyboard;
			sourceTree = "<group>";
		};
		B604137128B7FCF800C86D3C /* LaunchScreen.storyboard */ = {
			isa = PBXVariantGroup;
			children = (
				B604137228B7FCF800C86D3C /* Base */,
			);
			name = LaunchScreen.storyboard;
			sourceTree = "<group>";
		};
/* End PBXVariantGroup section */

/* Begin XCBuildConfiguration section */
		B604138B28B7FCF900C86D3C /* Debug */ = {
			isa = XCBuildConfiguration;
			buildSettings = {
				ALWAYS_SEARCH_USER_PATHS = NO;
				CLANG_ANALYZER_NONNULL = YES;
				CLANG_ANALYZER_NUMBER_OBJECT_CONVERSION = YES_AGGRESSIVE;
				CLANG_CXX_LANGUAGE_STANDARD = "gnu++17";
				CLANG_ENABLE_MODULES = YES;
				CLANG_ENABLE_OBJC_ARC = YES;
				CLANG_ENABLE_OBJC_WEAK = YES;
				CLANG_WARN_BLOCK_CAPTURE_AUTORELEASING = YES;
				CLANG_WARN_BOOL_CONVERSION = YES;
				CLANG_WARN_COMMA = YES;
				CLANG_WARN_CONSTANT_CONVERSION = YES;
				CLANG_WARN_DEPRECATED_OBJC_IMPLEMENTATIONS = YES;
				CLANG_WARN_DIRECT_OBJC_ISA_USAGE = YES_ERROR;
				CLANG_WARN_DOCUMENTATION_COMMENTS = YES;
				CLANG_WARN_EMPTY_BODY = YES;
				CLANG_WARN_ENUM_CONVERSION = YES;
				CLANG_WARN_INFINITE_RECURSION = YES;
				CLANG_WARN_INT_CONVERSION = YES;
				CLANG_WARN_NON_LITERAL_NULL_CONVERSION = YES;
				CLANG_WARN_OBJC_IMPLICIT_RETAIN_SELF = YES;
				CLANG_WARN_OBJC_LITERAL_CONVERSION = YES;
				CLANG_WARN_OBJC_ROOT_CLASS = YES_ERROR;
				CLANG_WARN_QUOTED_INCLUDE_IN_FRAMEWORK_HEADER = YES;
				CLANG_WARN_RANGE_LOOP_ANALYSIS = YES;
				CLANG_WARN_STRICT_PROTOTYPES = YES;
				CLANG_WARN_SUSPICIOUS_MOVE = YES;
				CLANG_WARN_UNGUARDED_AVAILABILITY = YES_AGGRESSIVE;
				CLANG_WARN_UNREACHABLE_CODE = YES;
				CLANG_WARN__DUPLICATE_METHOD_MATCH = YES;
				COPY_PHASE_STRIP = NO;
				DEBUG_INFORMATION_FORMAT = dwarf;
				ENABLE_STRICT_OBJC_MSGSEND = YES;
				ENABLE_TESTABILITY = YES;
				GCC_C_LANGUAGE_STANDARD = gnu11;
				GCC_DYNAMIC_NO_PIC = NO;
				GCC_NO_COMMON_BLOCKS = YES;
				GCC_OPTIMIZATION_LEVEL = 0;
				GCC_PREPROCESSOR_DEFINITIONS = (
					"DEBUG=1",
					"$(inherited)",
				);
				GCC_WARN_64_TO_32_BIT_CONVERSION = YES;
				GCC_WARN_ABOUT_RETURN_TYPE = YES_ERROR;
				GCC_WARN_UNDECLARED_SELECTOR = YES;
				GCC_WARN_UNINITIALIZED_AUTOS = YES_AGGRESSIVE;
				GCC_WARN_UNUSED_FUNCTION = YES;
				GCC_WARN_UNUSED_VARIABLE = YES;
				IPHONEOS_DEPLOYMENT_TARGET = 15.5;
				MTL_ENABLE_DEBUG_INFO = INCLUDE_SOURCE;
				MTL_FAST_MATH = YES;
				ONLY_ACTIVE_ARCH = YES;
				SDKROOT = iphoneos;
				SWIFT_ACTIVE_COMPILATION_CONDITIONS = DEBUG;
				SWIFT_OPTIMIZATION_LEVEL = "-Onone";
			};
			name = Debug;
		};
		B604138C28B7FCF900C86D3C /* Release */ = {
			isa = XCBuildConfiguration;
			buildSettings = {
				ALWAYS_SEARCH_USER_PATHS = NO;
				CLANG_ANALYZER_NONNULL = YES;
				CLANG_ANALYZER_NUMBER_OBJECT_CONVERSION = YES_AGGRESSIVE;
				CLANG_CXX_LANGUAGE_STANDARD = "gnu++17";
				CLANG_ENABLE_MODULES = YES;
				CLANG_ENABLE_OBJC_ARC = YES;
				CLANG_ENABLE_OBJC_WEAK = YES;
				CLANG_WARN_BLOCK_CAPTURE_AUTORELEASING = YES;
				CLANG_WARN_BOOL_CONVERSION = YES;
				CLANG_WARN_COMMA = YES;
				CLANG_WARN_CONSTANT_CONVERSION = YES;
				CLANG_WARN_DEPRECATED_OBJC_IMPLEMENTATIONS = YES;
				CLANG_WARN_DIRECT_OBJC_ISA_USAGE = YES_ERROR;
				CLANG_WARN_DOCUMENTATION_COMMENTS = YES;
				CLANG_WARN_EMPTY_BODY = YES;
				CLANG_WARN_ENUM_CONVERSION = YES;
				CLANG_WARN_INFINITE_RECURSION = YES;
				CLANG_WARN_INT_CONVERSION = YES;
				CLANG_WARN_NON_LITERAL_NULL_CONVERSION = YES;
				CLANG_WARN_OBJC_IMPLICIT_RETAIN_SELF = YES;
				CLANG_WARN_OBJC_LITERAL_CONVERSION = YES;
				CLANG_WARN_OBJC_ROOT_CLASS = YES_ERROR;
				CLANG_WARN_QUOTED_INCLUDE_IN_FRAMEWORK_HEADER = YES;
				CLANG_WARN_RANGE_LOOP_ANALYSIS = YES;
				CLANG_WARN_STRICT_PROTOTYPES = YES;
				CLANG_WARN_SUSPICIOUS_MOVE = YES;
				CLANG_WARN_UNGUARDED_AVAILABILITY = YES_AGGRESSIVE;
				CLANG_WARN_UNREACHABLE_CODE = YES;
				CLANG_WARN__DUPLICATE_METHOD_MATCH = YES;
				COPY_PHASE_STRIP = NO;
				DEBUG_INFORMATION_FORMAT = "dwarf-with-dsym";
				ENABLE_NS_ASSERTIONS = NO;
				ENABLE_STRICT_OBJC_MSGSEND = YES;
				GCC_C_LANGUAGE_STANDARD = gnu11;
				GCC_NO_COMMON_BLOCKS = YES;
				GCC_WARN_64_TO_32_BIT_CONVERSION = YES;
				GCC_WARN_ABOUT_RETURN_TYPE = YES_ERROR;
				GCC_WARN_UNDECLARED_SELECTOR = YES;
				GCC_WARN_UNINITIALIZED_AUTOS = YES_AGGRESSIVE;
				GCC_WARN_UNUSED_FUNCTION = YES;
				GCC_WARN_UNUSED_VARIABLE = YES;
				IPHONEOS_DEPLOYMENT_TARGET = 15.5;
				MTL_ENABLE_DEBUG_INFO = NO;
				MTL_FAST_MATH = YES;
				SDKROOT = iphoneos;
				SWIFT_COMPILATION_MODE = wholemodule;
				SWIFT_OPTIMIZATION_LEVEL = "-O";
				VALIDATE_PRODUCT = YES;
			};
			name = Release;
		};
		B604138E28B7FCF900C86D3C /* Debug */ = {
			isa = XCBuildConfiguration;
			buildSettings = {
				ASSETCATALOG_COMPILER_APPICON_NAME = AppIcon;
				ASSETCATALOG_COMPILER_GLOBAL_ACCENT_COLOR_NAME = AccentColor;
				CODE_SIGN_STYLE = Automatic;
				CURRENT_PROJECT_VERSION = 1;
				GENERATE_INFOPLIST_FILE = YES;
				INFOPLIST_FILE = Prework2/Info.plist;
				INFOPLIST_KEY_UIApplicationSupportsIndirectInputEvents = YES;
				INFOPLIST_KEY_UILaunchStoryboardName = LaunchScreen;
				INFOPLIST_KEY_UIMainStoryboardFile = Main;
				INFOPLIST_KEY_UISupportedInterfaceOrientations_iPad = "UIInterfaceOrientationPortrait UIInterfaceOrientationPortraitUpsideDown UIInterfaceOrientationLandscapeLeft UIInterfaceOrientationLandscapeRight";
				INFOPLIST_KEY_UISupportedInterfaceOrientations_iPhone = "UIInterfaceOrientationPortrait UIInterfaceOrientationLandscapeLeft UIInterfaceOrientationLandscapeRight";
				LD_RUNPATH_SEARCH_PATHS = (
					"$(inherited)",
					"@executable_path/Frameworks",
				);
				MARKETING_VERSION = 1.0;
				PRODUCT_BUNDLE_IDENTIFIER = memo.com.Prework2;
				PRODUCT_NAME = "$(TARGET_NAME)";
				SWIFT_EMIT_LOC_STRINGS = YES;
				SWIFT_VERSION = 5.0;
				TARGETED_DEVICE_FAMILY = "1,2";
			};
			name = Debug;
		};
		B604138F28B7FCF900C86D3C /* Release */ = {
			isa = XCBuildConfiguration;
			buildSettings = {
				ASSETCATALOG_COMPILER_APPICON_NAME = AppIcon;
				ASSETCATALOG_COMPILER_GLOBAL_ACCENT_COLOR_NAME = AccentColor;
				CODE_SIGN_STYLE = Automatic;
				CURRENT_PROJECT_VERSION = 1;
				GENERATE_INFOPLIST_FILE = YES;
				INFOPLIST_FILE = Prework2/Info.plist;
				INFOPLIST_KEY_UIApplicationSupportsIndirectInputEvents = YES;
				INFOPLIST_KEY_UILaunchStoryboardName = LaunchScreen;
				INFOPLIST_KEY_UIMainStoryboardFile = Main;
				INFOPLIST_KEY_UISupportedInterfaceOrientations_iPad = "UIInterfaceOrientationPortrait UIInterfaceOrientationPortraitUpsideDown UIInterfaceOrientationLandscapeLeft UIInterfaceOrientationLandscapeRight";
				INFOPLIST_KEY_UISupportedInterfaceOrientations_iPhone = "UIInterfaceOrientationPortrait UIInterfaceOrientationLandscapeLeft UIInterfaceOrientationLandscapeRight";
				LD_RUNPATH_SEARCH_PATHS = (
					"$(inherited)",
					"@executable_path/Frameworks",
				);
				MARKETING_VERSION = 1.0;
				PRODUCT_BUNDLE_IDENTIFIER = memo.com.Prework2;
				PRODUCT_NAME = "$(TARGET_NAME)";
				SWIFT_EMIT_LOC_STRINGS = YES;
				SWIFT_VERSION = 5.0;
				TARGETED_DEVICE_FAMILY = "1,2";
			};
			name = Release;
		};
		B604139128B7FCF900C86D3C /* Debug */ = {
			isa = XCBuildConfiguration;
			buildSettings = {
				ALWAYS_EMBED_SWIFT_STANDARD_LIBRARIES = YES;
				BUNDLE_LOADER = "$(TEST_HOST)";
				CODE_SIGN_STYLE = Automatic;
				CURRENT_PROJECT_VERSION = 1;
				GENERATE_INFOPLIST_FILE = YES;
				IPHONEOS_DEPLOYMENT_TARGET = 15.5;
				MARKETING_VERSION = 1.0;
				PRODUCT_BUNDLE_IDENTIFIER = memo.com.Prework2Tests;
				PRODUCT_NAME = "$(TARGET_NAME)";
				SWIFT_EMIT_LOC_STRINGS = NO;
				SWIFT_VERSION = 5.0;
				TARGETED_DEVICE_FAMILY = "1,2";
				TEST_HOST = "$(BUILT_PRODUCTS_DIR)/Prework2.app/Prework2";
			};
			name = Debug;
		};
		B604139228B7FCF900C86D3C /* Release */ = {
			isa = XCBuildConfiguration;
			buildSettings = {
				ALWAYS_EMBED_SWIFT_STANDARD_LIBRARIES = YES;
				BUNDLE_LOADER = "$(TEST_HOST)";
				CODE_SIGN_STYLE = Automatic;
				CURRENT_PROJECT_VERSION = 1;
				GENERATE_INFOPLIST_FILE = YES;
				IPHONEOS_DEPLOYMENT_TARGET = 15.5;
				MARKETING_VERSION = 1.0;
				PRODUCT_BUNDLE_IDENTIFIER = memo.com.Prework2Tests;
				PRODUCT_NAME = "$(TARGET_NAME)";
				SWIFT_EMIT_LOC_STRINGS = NO;
				SWIFT_VERSION = 5.0;
				TARGETED_DEVICE_FAMILY = "1,2";
				TEST_HOST = "$(BUILT_PRODUCTS_DIR)/Prework2.app/Prework2";
			};
			name = Release;
		};
		B604139428B7FCF900C86D3C /* Debug */ = {
			isa = XCBuildConfiguration;
			buildSettings = {
				ALWAYS_EMBED_SWIFT_STANDARD_LIBRARIES = YES;
				CODE_SIGN_STYLE = Automatic;
				CURRENT_PROJECT_VERSION = 1;
				GENERATE_INFOPLIST_FILE = YES;
				MARKETING_VERSION = 1.0;
				PRODUCT_BUNDLE_IDENTIFIER = memo.com.Prework2UITests;
				PRODUCT_NAME = "$(TARGET_NAME)";
				SWIFT_EMIT_LOC_STRINGS = NO;
				SWIFT_VERSION = 5.0;
				TARGETED_DEVICE_FAMILY = "1,2";
				TEST_TARGET_NAME = Prework2;
			};
			name = Debug;
		};
		B604139528B7FCF900C86D3C /* Release */ = {
			isa = XCBuildConfiguration;
			buildSettings = {
				ALWAYS_EMBED_SWIFT_STANDARD_LIBRARIES = YES;
				CODE_SIGN_STYLE = Automatic;
				CURRENT_PROJECT_VERSION = 1;
				GENERATE_INFOPLIST_FILE = YES;
				MARKETING_VERSION = 1.0;
				PRODUCT_BUNDLE_IDENTIFIER = memo.com.Prework2UITests;
				PRODUCT_NAME = "$(TARGET_NAME)";
				SWIFT_EMIT_LOC_STRINGS = NO;
				SWIFT_VERSION = 5.0;
				TARGETED_DEVICE_FAMILY = "1,2";
				TEST_TARGET_NAME = Prework2;
			};
			name = Release;
		};
/* End XCBuildConfiguration section */

/* Begin XCConfigurationList section */
		B604135E28B7FCF500C86D3C /* Build configuration list for PBXProject "Prework2" */ = {
			isa = XCConfigurationList;
			buildConfigurations = (
				B604138B28B7FCF900C86D3C /* Debug */,
				B604138C28B7FCF900C86D3C /* Release */,
			);
			defaultConfigurationIsVisible = 0;
			defaultConfigurationName = Release;
		};
		B604138D28B7FCF900C86D3C /* Build configuration list for PBXNativeTarget "Prework2" */ = {
			isa = XCConfigurationList;
			buildConfigurations = (
				B604138E28B7FCF900C86D3C /* Debug */,
				B604138F28B7FCF900C86D3C /* Release */,
			);
			defaultConfigurationIsVisible = 0;
			defaultConfigurationName = Release;
		};
		B604139028B7FCF900C86D3C /* Build configuration list for PBXNativeTarget "Prework2Tests" */ = {
			isa = XCConfigurationList;
			buildConfigurations = (
				B604139128B7FCF900C86D3C /* Debug */,
				B604139228B7FCF900C86D3C /* Release */,
			);
			defaultConfigurationIsVisible = 0;
			defaultConfigurationName = Release;
		};
		B604139328B7FCF900C86D3C /* Build configuration list for PBXNativeTarget "Prework2UITests" */ = {
			isa = XCConfigurationList;
			buildConfigurations = (
				B604139428B7FCF900C86D3C /* Debug */,
				B604139528B7FCF900C86D3C /* Release */,
			);
			defaultConfigurationIsVisible = 0;
			defaultConfigurationName = Release;
		};
/* End XCConfigurationList section */
	};
	rootObject = B604135B28B7FCF500C86D3C /* Project object */;
}
